
Microsoft Visual Studio Solution File, Format Version 12.00
# Visual Studio 2013
VisualStudioVersion = 12.0.40629.0
MinimumVisualStudioVersion = 10.0.40219.1
Project("{FAE04EC0-301F-11D3-BF4B-00C04F79EFBC}") = "ShaspectBuilder", "ShaspectBuilder\ShaspectBuilder.csproj", "{1C70ABAD-D029-45AA-B0D1-6C6D5BC694D4}"
EndProject
Project("{FAE04EC0-301F-11D3-BF4B-00C04F79EFBC}") = "Shaspect", "Shaspect\Shaspect.csproj", "{8021ABEA-621F-403F-8FA2-BC8DBBA50298}"
EndProject
Global
	GlobalSection(SolutionConfigurationPlatforms) = preSolution
		Debug|Any CPU = Debug|Any CPU
		Release|Any CPU = Release|Any CPU
	EndGlobalSection
	GlobalSection(ProjectConfigurationPlatforms) = postSolution
		{1C70ABAD-D029-45AA-B0D1-6C6D5BC694D4}.Debug|Any CPU.ActiveCfg = Debug|Any CPU
		{1C70ABAD-D029-45AA-B0D1-6C6D5BC694D4}.Debug|Any CPU.Build.0 = Debug|Any CPU
		{1C70ABAD-D029-45AA-B0D1-6C6D5BC694D4}.Release|Any CPU.ActiveCfg = Release|Any CPU
		{1C70ABAD-D029-45AA-B0D1-6C6D5BC694D4}.Release|Any CPU.Build.0 = Release|Any CPU
		{8021ABEA-621F-403F-8FA2-BC8DBBA50298}.Debug|Any CPU.ActiveCfg = Debug|Any CPU
		{8021ABEA-621F-403F-8FA2-BC8DBBA50298}.Debug|Any CPU.Build.0 = Debug|Any CPU
		{8021ABEA-621F-403F-8FA2-BC8DBBA50298}.Release|Any CPU.ActiveCfg = Release|Any CPU
		{8021ABEA-621F-403F-8FA2-BC8DBBA50298}.Release|Any CPU.Build.0 = Release|Any CPU
	EndGlobalSection
	GlobalSection(SolutionProperties) = preSolution
		HideSolutionNode = FALSE
	EndGlobalSection
EndGlobal
